
Microsoft Visual Studio Solution File, Format Version 11.00
# Visual Studio 2010
Project("{FAE04EC0-301F-11D3-BF4B-00C04F79EFBC}") = "Vjezba1", "Vjezba1\Vjezba1.csproj", "{86EE2596-D7CA-42DC-8D75-85B20B302CFB}"
EndProject
Global
	GlobalSection(SolutionConfigurationPlatforms) = preSolution
		Debug|x86 = Debug|x86
		Release|x86 = Release|x86
	EndGlobalSection
	GlobalSection(ProjectConfigurationPlatforms) = postSolution
		{86EE2596-D7CA-42DC-8D75-85B20B302CFB}.Debug|x86.ActiveCfg = Debug|x86
		{86EE2596-D7CA-42DC-8D75-85B20B302CFB}.Debug|x86.Build.0 = Debug|x86
		{86EE2596-D7CA-42DC-8D75-85B20B302CFB}.Release|x86.ActiveCfg = Release|x86
		{86EE2596-D7CA-42DC-8D75-85B20B302CFB}.Release|x86.Build.0 = Release|x86
	EndGlobalSection
	GlobalSection(SolutionProperties) = preSolution
		HideSolutionNode = FALSE
	EndGlobalSection
EndGlobal
